
Microsoft Visual Studio Solution File, Format Version 12.00
# Visual Studio Version 16
VisualStudioVersion = 16.0.30709.132
MinimumVisualStudioVersion = 10.0.40219.1
Project("{FAE04EC0-301F-11D3-BF4B-00C04F79EFBC}") = "INSTELL _ALL", "INSTELL _ALL\INSTELL _ALL.csproj", "{93D2AC12-B31E-4952-9D11-905F86DCC67D}"
EndProject
Global
	GlobalSection(SolutionConfigurationPlatforms) = preSolution
		Debug|Any CPU = Debug|Any CPU
		Release|Any CPU = Release|Any CPU
	EndGlobalSection
	GlobalSection(ProjectConfigurationPlatforms) = postSolution
		{93D2AC12-B31E-4952-9D11-905F86DCC67D}.Debug|Any CPU.ActiveCfg = Debug|Any CPU
		{93D2AC12-B31E-4952-9D11-905F86DCC67D}.Debug|Any CPU.Build.0 = Debug|Any CPU
		{93D2AC12-B31E-4952-9D11-905F86DCC67D}.Release|Any CPU.ActiveCfg = Release|Any CPU
		{93D2AC12-B31E-4952-9D11-905F86DCC67D}.Release|Any CPU.Build.0 = Release|Any CPU
	EndGlobalSection
	GlobalSection(SolutionProperties) = preSolution
		HideSolutionNode = FALSE
	EndGlobalSection
	GlobalSection(ExtensibilityGlobals) = postSolution
		SolutionGuid = {07DB9913-19F3-48BF-8912-DE9EF1C2333F}
	EndGlobalSection
EndGlobal
